Microsoft Visual Studio Solution File, Format Version 12.00
# Visual Studio Version 17
VisualStudioVersion = 17.5.2.0
MinimumVisualStudioVersion = 10.0.40219.1
Project("{FAE04EC0-301F-11D3-BF4B-00C04F79EFBC}") = "lib", "lib.csproj", "{AF0A7294-4B8C-45A5-B0BE-73D704C0D516}"
EndProject
Global
	GlobalSection(SolutionConfigurationPlatforms) = preSolution
		Debug|Any CPU = Debug|Any CPU
		Release|Any CPU = Release|Any CPU
	EndGlobalSection
	GlobalSection(ProjectConfigurationPlatforms) = postSolution
		{AF0A7294-4B8C-45A5-B0BE-73D704C0D516}.Debug|Any CPU.ActiveCfg = Debug|Any CPU
		{AF0A7294-4B8C-45A5-B0BE-73D704C0D516}.Debug|Any CPU.Build.0 = Debug|Any CPU
		{AF0A7294-4B8C-45A5-B0BE-73D704C0D516}.Release|Any CPU.ActiveCfg = Release|Any CPU
		{AF0A7294-4B8C-45A5-B0BE-73D704C0D516}.Release|Any CPU.Build.0 = Release|Any CPU
	EndGlobalSection
	GlobalSection(SolutionProperties) = preSolution
		HideSolutionNode = FALSE
	EndGlobalSection
	GlobalSection(ExtensibilityGlobals) = postSolution
		SolutionGuid = {CE0D3930-B4AC-438F-8BF1-44F3C33FDFE9}
	EndGlobalSection
EndGlobal
